// !$*UTF8*$!
{
	archiveVersion = 1;
	classes = {
	};
	objectVersion = 48;
	objects = {

/* Begin PBXBuildFile section */
		F9B345D21FFD4CBA004091FF /* AppDelegate.swift in Sources */ = {isa = PBXBuildFile; fileRef = F9B345D11FFD4CBA004091FF /* AppDelegate.swift */; };
		F9B345D41FFD4CBA004091FF /* ViewController.swift in Sources */ = {isa = PBXBuildFile; fileRef = F9B345D31FFD4CBA004091FF /* ViewController.swift */; };
		F9B345D71FFD4CBA004091FF /* Main.storyboard in Resources */ = {isa = PBXBuildFile; fileRef = F9B345D51FFD4CBA004091FF /* Main.storyboard */; };
		F9B345D91FFD4CBA004091FF /* Assets.xcassets in Resources */ = {isa = PBXBuildFile; fileRef = F9B345D81FFD4CBA004091FF /* Assets.xcassets */; };
		F9B345DC1FFD4CBA004091FF /* LaunchScreen.storyboard in Resources */ = {isa = PBXBuildFile; fileRef = F9B345DA1FFD4CBA004091FF /* LaunchScreen.storyboard */; };
/* End PBXBuildFile section */

/* Begin PBXFileReference section */
		F9B345CE1FFD4CB9004091FF /* testKeyboardHeight.app */ = {isa = PBXFileReference; explicitFileType = wrapper.application; includeInIndex = 0; path = testKeyboardHeight.app; sourceTree = BUILT_PRODUCTS_DIR; };
		F9B345D11FFD4CBA004091FF /* AppDelegate.swift */ = {isa = PBXFileReference; lastKnownFileType = sourcecode.swift; path = AppDelegate.swift; sourceTree = "<group>"; };
		F9B345D31FFD4CBA004091FF /* ViewController.swift */ = {isa = PBXFileReference; lastKnownFileType = sourcecode.swift; path = ViewController.swift; sourceTree = "<group>"; };
		F9B345D61FFD4CBA004091FF /* Base */ = {isa = PBXFileReference; lastKnownFileType = file.storyboard; name = Base; path = Base.lproj/Main.storyboard; sourceTree = "<group>"; };
		F9B345D81FFD4CBA004091FF /* Assets.xcassets */ = {isa = PBXFileReference; lastKnownFileType = folder.assetcatalog; path = Assets.xcassets; sourceTree = "<group>"; };
		F9B345DB1FFD4CBA004091FF /* Base */ = {isa = PBXFileReference; lastKnownFileType = file.storyboard; name = Base; path = Base.lproj/LaunchScreen.storyboard; sourceTree = "<group>"; };
		F9B345DD1FFD4CBA004091FF /* Info.plist */ = {isa = PBXFileReference; lastKnownFileType = text.plist.xml; path = Info.plist; sourceTree = "<group>"; };
/* End PBXFileReference section */

/* Begin PBXFrameworksBuildPhase section */
		F9B345CB1FFD4CB9004091FF /* Frameworks */ = {
			isa = PBXFrameworksBuildPhase;
			buildActionMask = 2147483647;
			files = (
			);
			runOnlyForDeploymentPostprocessing = 0;
		};
/* End PBXFrameworksBuildPhase section */

/* Begin PBXGroup section */
		F9B345C51FFD4CB9004091FF = {
			isa = PBXGroup;
			children = (
				F9B345D01FFD4CB9004091FF /* testKeyboardHeight */,
				F9B345CF1FFD4CB9004091FF /* Products */,
			);
			sourceTree = "<group>";
		};
		F9B345CF1FFD4CB9004091FF /* Products */ = {
			isa = PBXGroup;
			children = (
				F9B345CE1FFD4CB9004091FF /* testKeyboardHeight.app */,
			);
			name = Products;
			sourceTree = "<group>";
		};
		F9B345D01FFD4CB9004091FF /* testKeyboardHeight */ = {
			isa = PBXGroup;
			children = (
				F9B345D11FFD4CBA004091FF /* AppDelegate.swift */,
				F9B345D31FFD4CBA004091FF /* ViewController.swift */,
				F9B345D51FFD4CBA004091FF /* Main.storyboard */,
				F9B345D81FFD4CBA004091FF /* Assets.xcassets */,
				F9B345DA1FFD4CBA004091FF /* LaunchScreen.storyboard */,
				F9B345DD1FFD4CBA004091FF /* Info.plist */,
			);
			path = testKeyboardHeight;
			sourceTree = "<group>";
		};
/* End PBXGroup section */

/* Begin PBXNativeTarget section */
		F9B345CD1FFD4CB9004091FF /* testKeyboardHeight */ = {
			isa = PBXNativeTarget;
			buildConfigurationList = F9B345E01FFD4CBA004091FF /* Build configuration list for PBXNativeTarget "testKeyboardHeight" */;
			buildPhases = (
				F9B345CA1FFD4CB9004091FF /* Sources */,
				F9B345CB1FFD4CB9004091FF /* Frameworks */,
				F9B345CC1FFD4CB9004091FF /* Resources */,
			);
			buildRules = (
			);
			dependencies = (
			);
			name = testKeyboardHeight;
			productName = testKeyboardHeight;
			productReference = F9B345CE1FFD4CB9004091FF /* testKeyboardHeight.app */;
			productType = "com.apple.product-type.application";
		};
/* End PBXNativeTarget section */

/* Begin PBXProject section */
		F9B345C61FFD4CB9004091FF /* Project object */ = {
			isa = PBXProject;
			attributes = {
				LastSwiftUpdateCheck = 0920;
				LastUpgradeCheck = 0920;
				ORGANIZATIONNAME = "Walter Gonzalez";
				TargetAttributes = {
					F9B345CD1FFD4CB9004091FF = {
						CreatedOnToolsVersion = 9.2;
						ProvisioningStyle = Automatic;
					};
				};
			};
			buildConfigurationList = F9B345C91FFD4CB9004091FF /* Build configuration list for PBXProject "testKeyboardHeight" */;
			compatibilityVersion = "Xcode 8.0";
			developmentRegion = en;
			hasScannedForEncodings = 0;
			knownRegions = (
				en,
				Base,
			);
			mainGroup = F9B345C51FFD4CB9004091FF;
			productRefGroup = F9B345CF1FFD4CB9004091FF /* Products */;
			projectDirPath = "";
			projectRoot = "";
			targets = (
				F9B345CD1FFD4CB9004091FF /* testKeyboardHeight */,
			);
		};
/* End PBXProject section */

/* Begin PBXResourcesBuildPhase section */
		F9B345CC1FFD4CB9004091FF /* Resources */ = {
			isa = PBXResourcesBuildPhase;
			buildActionMask = 2147483647;
			files = (
				F9B345DC1FFD4CBA004091FF /* LaunchScreen.storyboard in Resources */,
				F9B345D91FFD4CBA004091FF /* Assets.xcassets in Resources */,
				F9B345D71FFD4CBA004091FF /* Main.storyboard in Resources */,
			);
			runOnlyForDeploymentPostprocessing = 0;
		};
/* End PBXResourcesBuildPhase section */

/* Begin PBXSourcesBuildPhase section */
		F9B345CA1FFD4CB9004091FF /* Sources */ = {
			isa = PBXSourcesBuildPhase;
			buildActionMask = 2147483647;
			files = (
				F9B345D41FFD4CBA004091FF /* ViewController.swift in Sources */,
				F9B345D21FFD4CBA004091FF /* AppDelegate.swift in Sources */,
			);
			runOnlyForDeploymentPostprocessing = 0;
		};
/* End PBXSourcesBuildPhase section */

/* Begin PBXVariantGroup section */
		F9B345D51FFD4CBA004091FF /* Main.storyboard */ = {
			isa = PBXVariantGroup;
			children = (
				F9B345D61FFD4CBA004091FF /* Base */,
			);
			name = Main.storyboard;
			sourceTree = "<group>";
		};
		F9B345DA1FFD4CBA004091FF /* LaunchScreen.storyboard */ = {
			isa = PBXVariantGroup;
			children = (
				F9B345DB1FFD4CBA004091FF /* Base */,
			);
			name = LaunchScreen.storyboard;
			sourceTree = "<group>";
		};
/* End PBXVariantGroup section */

/* Begin XCBuildConfiguration section */
		F9B345DE1FFD4CBA004091FF /* Debug */ = {
			isa = XCBuildConfiguration;
			buildSettings = {
				ALWAYS_SEARCH_USER_PATHS = NO;
				CLANG_ANALYZER_NONNULL = YES;
				CLANG_ANALYZER_NUMBER_OBJECT_CONVERSION = YES_AGGRESSIVE;
				CLANG_CXX_LANGUAGE_STANDARD = "gnu++14";
				CLANG_CXX_LIBRARY = "libc++";
				CLANG_ENABLE_MODULES = YES;
				CLANG_ENABLE_OBJC_ARC = YES;
				CLANG_WARN_BLOCK_CAPTURE_AUTORELEASING = YES;
				CLANG_WARN_BOOL_CONVERSION = YES;
				CLANG_WARN_COMMA = YES;
				CLANG_WARN_CONSTANT_CONVERSION = YES;
				CLANG_WARN_DIRECT_OBJC_ISA_USAGE = YES_ERROR;
				CLANG_WARN_DOCUMENTATION_COMMENTS = YES;
				CLANG_WARN_EMPTY_BODY = YES;
				CLANG_WARN_ENUM_CONVERSION = YES;
				CLANG_WARN_INFINITE_RECURSION = YES;
				CLANG_WARN_INT_CONVERSION = YES;
				CLANG_WARN_NON_LITERAL_NULL_CONVERSION = YES;
				CLANG_WARN_OBJC_LITERAL_CONVERSION = YES;
				CLANG_WARN_OBJC_ROOT_CLASS = YES_ERROR;
				CLANG_WARN_RANGE_LOOP_ANALYSIS = YES;
				CLANG_WARN_STRICT_PROTOTYPES = YES;
				CLANG_WARN_SUSPICIOUS_MOVE = YES;
				CLANG_WARN_UNGUARDED_AVAILABILITY = YES_AGGRESSIVE;
				CLANG_WARN_UNREACHABLE_CODE = YES;
				CLANG_WARN__DUPLICATE_METHOD_MATCH = YES;
				CODE_SIGN_IDENTITY = "iPhone Developer";
				COPY_PHASE_STRIP = NO;
				DEBUG_INFORMATION_FORMAT = dwarf;
				ENABLE_STRICT_OBJC_MSGSEND = YES;
				ENABLE_TESTABILITY = YES;
				GCC_C_LANGUAGE_STANDARD = gnu11;
				GCC_DYNAMIC_NO_PIC = NO;
				GCC_NO_COMMON_BLOCKS = YES;
				GCC_OPTIMIZATION_LEVEL = 0;
				GCC_PREPROCESSOR_DEFINITIONS = (
					"DEBUG=1",
					"$(inherited)",
				);
				GCC_WARN_64_TO_32_BIT_CONVERSION = YES;
				GCC_WARN_ABOUT_RETURN_TYPE = YES_ERROR;
				GCC_WARN_UNDECLARED_SELECTOR = YES;
				GCC_WARN_UNINITIALIZED_AUTOS = YES_AGGRESSIVE;
				GCC_WARN_UNUSED_FUNCTION = YES;
				GCC_WARN_UNUSED_VARIABLE = YES;
				IPHONEOS_DEPLOYMENT_TARGET = 11.2;
				MTL_ENABLE_DEBUG_INFO = YES;
				ONLY_ACTIVE_ARCH = YES;
				SDKROOT = iphoneos;
				SWIFT_ACTIVE_COMPILATION_CONDITIONS = DEBUG;
				SWIFT_OPTIMIZATION_LEVEL = "-Onone";
			};
			name = Debug;
		};
		F9B345DF1FFD4CBA004091FF /* Release */ = {
			isa = XCBuildConfiguration;
			buildSettings = {
				ALWAYS_SEARCH_USER_PATHS = NO;
				CLANG_ANALYZER_NONNULL = YES;
				CLANG_ANALYZER_NUMBER_OBJECT_CONVERSION = YES_AGGRESSIVE;
				CLANG_CXX_LANGUAGE_STANDARD = "gnu++14";
				CLANG_CXX_LIBRARY = "libc++";
				CLANG_ENABLE_MODULES = YES;
				CLANG_ENABLE_OBJC_ARC = YES;
				CLANG_WARN_BLOCK_CAPTURE_AUTORELEASING = YES;
				CLANG_WARN_BOOL_CONVERSION = YES;
				CLANG_WARN_COMMA = YES;
				CLANG_WARN_CONSTANT_CONVERSION = YES;
				CLANG_WARN_DIRECT_OBJC_ISA_USAGE = YES_ERROR;
				CLANG_WARN_DOCUMENTATION_COMMENTS = YES;
				CLANG_WARN_EMPTY_BODY = YES;
				CLANG_WARN_ENUM_CONVERSION = YES;
				CLANG_WARN_INFINITE_RECURSION = YES;
				CLANG_WARN_INT_CONVERSION = YES;
				CLANG_WARN_NON_LITERAL_NULL_CONVERSION = YES;
				CLANG_WARN_OBJC_LITERAL_CONVERSION = YES;
				CLANG_WARN_OBJC_ROOT_CLASS = YES_ERROR;
				CLANG_WARN_RANGE_LOOP_ANALYSIS = YES;
				CLANG_WARN_STRICT_PROTOTYPES = YES;
				CLANG_WARN_SUSPICIOUS_MOVE = YES;
				CLANG_WARN_UNGUARDED_AVAILABILITY = YES_AGGRESSIVE;
				CLANG_WARN_UNREACHABLE_CODE = YES;
				CLANG_WARN__DUPLICATE_METHOD_MATCH = YES;
				CODE_SIGN_IDENTITY = "iPhone Developer";
				COPY_PHASE_STRIP = NO;
				DEBUG_INFORMATION_FORMAT = "dwarf-with-dsym";
				ENABLE_NS_ASSERTIONS = NO;
				ENABLE_STRICT_OBJC_MSGSEND = YES;
				GCC_C_LANGUAGE_STANDARD = gnu11;
				GCC_NO_COMMON_BLOCKS = YES;
				GCC_WARN_64_TO_32_BIT_CONVERSION = YES;
				GCC_WARN_ABOUT_RETURN_TYPE = YES_ERROR;
				GCC_WARN_UNDECLARED_SELECTOR = YES;
				GCC_WARN_UNINITIALIZED_AUTOS = YES_AGGRESSIVE;
				GCC_WARN_UNUSED_FUNCTION = YES;
				GCC_WARN_UNUSED_VARIABLE = YES;
				IPHONEOS_DEPLOYMENT_TARGET = 11.2;
				MTL_ENABLE_DEBUG_INFO = NO;
				SDKROOT = iphoneos;
				SWIFT_OPTIMIZATION_LEVEL = "-Owholemodule";
				VALIDATE_PRODUCT = YES;
			};
			name = Release;
		};
		F9B345E11FFD4CBA004091FF /* Debug */ = {
			isa = XCBuildConfiguration;
			buildSettings = {
				ASSETCATALOG_COMPILER_APPICON_NAME = AppIcon;
				CODE_SIGN_STYLE = Automatic;
				DEVELOPMENT_TEAM = 833CL9PD6H;
				INFOPLIST_FILE = testKeyboardHeight/Info.plist;
				LD_RUNPATH_SEARCH_PATHS = "$(inherited) @executable_path/Frameworks";
				PRODUCT_BUNDLE_IDENTIFIER = com.HomeDev.testKeyboardHeight;
				PRODUCT_NAME = "$(TARGET_NAME)";
				SWIFT_VERSION = 4.0;
				TARGETED_DEVICE_FAMILY = "1,2";
			};
			name = Debug;
		};
		F9B345E21FFD4CBA004091FF /* Release */ = {
			isa = XCBuildConfiguration;
			buildSettings = {
				ASSETCATALOG_COMPILER_APPICON_NAME = AppIcon;
				CODE_SIGN_STYLE = Automatic;
				DEVELOPMENT_TEAM = 833CL9PD6H;
				INFOPLIST_FILE = testKeyboardHeight/Info.plist;
				LD_RUNPATH_SEARCH_PATHS = "$(inherited) @executable_path/Frameworks";
				PRODUCT_BUNDLE_IDENTIFIER = com.HomeDev.testKeyboardHeight;
				PRODUCT_NAME = "$(TARGET_NAME)";
				SWIFT_VERSION = 4.0;
				TARGETED_DEVICE_FAMILY = "1,2";
			};
			name = Release;
		};
/* End XCBuildConfiguration section */

/* Begin XCConfigurationList section */
		F9B345C91FFD4CB9004091FF /* Build configuration list for PBXProject "testKeyboardHeight" */ = {
			isa = XCConfigurationList;
			buildConfigurations = (
				F9B345DE1FFD4CBA004091FF /* Debug */,
				F9B345DF1FFD4CBA004091FF /* Release */,
			);
			defaultConfigurationIsVisible = 0;
			defaultConfigurationName = Release;
		};
		F9B345E01FFD4CBA004091FF /* Build configuration list for PBXNativeTarget "testKeyboardHeight" */ = {
			isa = XCConfigurationList;
			buildConfigurations = (
				F9B345E11FFD4CBA004091FF /* Debug */,
				F9B345E21FFD4CBA004091FF /* Release */,
			);
			defaultConfigurationIsVisible = 0;
			defaultConfigurationName = Release;
		};
/* End XCConfigurationList section */
	};
	rootObject = F9B345C61FFD4CB9004091FF /* Project object */;
}
